<?xml version="1.0" encoding="UTF-8" standalone="yes" ?>
<CodeBlocks_project_file>
	<FileVersion major="1" minor="6" />
	<Project>
		<Option title="EasySFML" />
		<Option pch_mode="2" />
		<Option compiler="gcc" />
		<Build>
			<Target title="Debug">
				<Option output="bin/Debug/EasySFML" prefix_auto="1" extension_auto="1" />
				<Option object_output="obj/Debug/" />
				<Option type="1" />
				<Option compiler="codeblock" />
				<Compiler>
					<Add option="-g" />
				</Compiler>
			</Target>
			<Target title="Release">
				<Option output="bin/Release/EasySFML" prefix_auto="1" extension_auto="1" />
				<Option object_output="obj/Release/" />
				<Option type="1" />
				<Option compiler="gcc" />
				<Compiler>
					<Add option="-O2" />
					<Add directory="include" />
				</Compiler>
				<Linker>
					<Add option="-s" />
				</Linker>
			</Target>
		</Build>
		<Compiler>
			<Add option="-Wall" />
			<Add option="-fexceptions" />
			<Add directory="lib/libcurl/include" />
			<Add directory="lib/zip_utils_src" />
		</Compiler>
		<ResourceCompiler>
			<Add directory="lib/libcurl/bin" />
		</ResourceCompiler>
		<Linker>
			<Add library="curldll" />
			<Add directory="lib/libcurl/lib" />
			<Add directory="lib/libcurl/bin" />
		</Linker>
		<Unit filename="include/EasySFML.cpp" />
		<Unit filename="include/EasySFML.hpp" />
		<Unit filename="lib/xmlParser/xmlParser/xmlParser.cpp" />
		<Unit filename="lib/xmlParser/xmlParser/xmlParser.h" />
		<Unit filename="lib/zip_utils_src/unzip.cpp" />
		<Unit filename="lib/zip_utils_src/unzip.h" />
		<Unit filename="lib/zip_utils_src/zip.cpp" />
		<Unit filename="lib/zip_utils_src/zip.h" />
		<Unit filename="main.cpp" />
		<Unit filename="stdafx.cpp" />
		<Unit filename="stdafx.hpp" />
		<Extensions>
			<code_completion />
			<envvars />
			<debugger />
			<lib_finder disable_auto="1" />
		</Extensions>
	</Project>
</CodeBlocks_project_file>
